
Microsoft Visual Studio Solution File, Format Version 12.00
# Visual Studio Version 16
VisualStudioVersion = 16.0.29709.97
MinimumVisualStudioVersion = 10.0.40219.1
Project("{8BC9CEB8-8B4A-11D0-8D11-00A0C91BC942}") = "D_DoorPlate", "D_DoorPlate\D_DoorPlate.vcxproj", "{0FB67380-62B7-46DE-9179-F6231AC42EFB}"
EndProject
Project("{8BC9CEB8-8B4A-11D0-8D11-00A0C91BC942}") = "D_Database", "D_Database\D_Database.vcxproj", "{4653F677-D4BB-44C3-95F3-7995B97C9E12}"
EndProject
Project("{888888A0-9F3D-457C-B088-3A5042F75D52}") = "XbmConvert", "XbmConvert\XbmConvert.pyproj", "{2A6F3E7B-BC2F-4312-B6D9-0B298233FB1C}"
EndProject
Project("{8BC9CEB8-8B4A-11D0-8D11-00A0C91BC942}") = "D_Arduino", "D_Arduino\D_Arduino.vcxproj", "{C5F80730-F44F-4478-BDAE-6634EFC2CA88}"
EndProject
Global
	GlobalSection(SolutionConfigurationPlatforms) = preSolution
		Debug|Any CPU = Debug|Any CPU
		Debug|x64 = Debug|x64
		Debug|x86 = Debug|x86
		Release|Any CPU = Release|Any CPU
		Release|x64 = Release|x64
		Release|x86 = Release|x86
	EndGlobalSection
	GlobalSection(ProjectConfigurationPlatforms) = postSolution
		{0FB67380-62B7-46DE-9179-F6231AC42EFB}.Debug|Any CPU.ActiveCfg = Debug|Win32
		{0FB67380-62B7-46DE-9179-F6231AC42EFB}.Debug|x64.ActiveCfg = Debug|x64
		{0FB67380-62B7-46DE-9179-F6231AC42EFB}.Debug|x64.Build.0 = Debug|x64
		{0FB67380-62B7-46DE-9179-F6231AC42EFB}.Debug|x86.ActiveCfg = Debug|Win32
		{0FB67380-62B7-46DE-9179-F6231AC42EFB}.Debug|x86.Build.0 = Debug|Win32
		{0FB67380-62B7-46DE-9179-F6231AC42EFB}.Release|Any CPU.ActiveCfg = Release|Win32
		{0FB67380-62B7-46DE-9179-F6231AC42EFB}.Release|x64.ActiveCfg = Release|x64
		{0FB67380-62B7-46DE-9179-F6231AC42EFB}.Release|x64.Build.0 = Release|x64
		{0FB67380-62B7-46DE-9179-F6231AC42EFB}.Release|x86.ActiveCfg = Release|Win32
		{0FB67380-62B7-46DE-9179-F6231AC42EFB}.Release|x86.Build.0 = Release|Win32
		{4653F677-D4BB-44C3-95F3-7995B97C9E12}.Debug|Any CPU.ActiveCfg = Debug|Win32
		{4653F677-D4BB-44C3-95F3-7995B97C9E12}.Debug|x64.ActiveCfg = Debug|x64
		{4653F677-D4BB-44C3-95F3-7995B97C9E12}.Debug|x64.Build.0 = Debug|x64
		{4653F677-D4BB-44C3-95F3-7995B97C9E12}.Debug|x86.ActiveCfg = Debug|Win32
		{4653F677-D4BB-44C3-95F3-7995B97C9E12}.Debug|x86.Build.0 = Debug|Win32
		{4653F677-D4BB-44C3-95F3-7995B97C9E12}.Release|Any CPU.ActiveCfg = Release|Win32
		{4653F677-D4BB-44C3-95F3-7995B97C9E12}.Release|x64.ActiveCfg = Release|x64
		{4653F677-D4BB-44C3-95F3-7995B97C9E12}.Release|x64.Build.0 = Release|x64
		{4653F677-D4BB-44C3-95F3-7995B97C9E12}.Release|x86.ActiveCfg = Release|Win32
		{4653F677-D4BB-44C3-95F3-7995B97C9E12}.Release|x86.Build.0 = Release|Win32
		{2A6F3E7B-BC2F-4312-B6D9-0B298233FB1C}.Debug|Any CPU.ActiveCfg = Debug|Any CPU
		{2A6F3E7B-BC2F-4312-B6D9-0B298233FB1C}.Debug|x64.ActiveCfg = Debug|Any CPU
		{2A6F3E7B-BC2F-4312-B6D9-0B298233FB1C}.Debug|x86.ActiveCfg = Debug|Any CPU
		{2A6F3E7B-BC2F-4312-B6D9-0B298233FB1C}.Release|Any CPU.ActiveCfg = Release|Any CPU
		{2A6F3E7B-BC2F-4312-B6D9-0B298233FB1C}.Release|x64.ActiveCfg = Release|Any CPU
		{2A6F3E7B-BC2F-4312-B6D9-0B298233FB1C}.Release|x86.ActiveCfg = Release|Any CPU
		{C5F80730-F44F-4478-BDAE-6634EFC2CA88}.Debug|Any CPU.ActiveCfg = Debug|Win32
		{C5F80730-F44F-4478-BDAE-6634EFC2CA88}.Debug|x64.ActiveCfg = Debug|Win32
		{C5F80730-F44F-4478-BDAE-6634EFC2CA88}.Debug|x86.ActiveCfg = Debug|Win32
		{C5F80730-F44F-4478-BDAE-6634EFC2CA88}.Debug|x86.Build.0 = Debug|Win32
		{C5F80730-F44F-4478-BDAE-6634EFC2CA88}.Release|Any CPU.ActiveCfg = Release|Win32
		{C5F80730-F44F-4478-BDAE-6634EFC2CA88}.Release|x64.ActiveCfg = Release|Win32
		{C5F80730-F44F-4478-BDAE-6634EFC2CA88}.Release|x86.ActiveCfg = Release|Win32
		{C5F80730-F44F-4478-BDAE-6634EFC2CA88}.Release|x86.Build.0 = Release|Win32
	EndGlobalSection
	GlobalSection(SolutionProperties) = preSolution
		HideSolutionNode = FALSE
	EndGlobalSection
	GlobalSection(ExtensibilityGlobals) = postSolution
		SolutionGuid = {E6104491-94A5-4FB9-872A-D0944B092385}
	EndGlobalSection
EndGlobal
